
Microsoft Visual Studio Solution File, Format Version 12.00
# Visual Studio Version 17
VisualStudioVersion = 17.5.33516.290
MinimumVisualStudioVersion = 10.0.40219.1
Project("{FAE04EC0-301F-11D3-BF4B-00C04F79EFBC}") = "DBMSLab2", "DBMSLab2.csproj", "{A2BCDF1F-898C-44B8-8015-76AA3DF0816F}"
EndProject
Global
	GlobalSection(SolutionConfigurationPlatforms) = preSolution
		Debug|Any CPU = Debug|Any CPU
		Release|Any CPU = Release|Any CPU
	EndGlobalSection
	GlobalSection(ProjectConfigurationPlatforms) = postSolution
		{A2BCDF1F-898C-44B8-8015-76AA3DF0816F}.Debug|Any CPU.ActiveCfg = Debug|Any CPU
		{A2BCDF1F-898C-44B8-8015-76AA3DF0816F}.Debug|Any CPU.Build.0 = Debug|Any CPU
		{A2BCDF1F-898C-44B8-8015-76AA3DF0816F}.Release|Any CPU.ActiveCfg = Release|Any CPU
		{A2BCDF1F-898C-44B8-8015-76AA3DF0816F}.Release|Any CPU.Build.0 = Release|Any CPU
	EndGlobalSection
	GlobalSection(SolutionProperties) = preSolution
		HideSolutionNode = FALSE
	EndGlobalSection
	GlobalSection(ExtensibilityGlobals) = postSolution
		SolutionGuid = {EA1785B6-1BD4-4145-AD5E-2C2100CF43A1}
	EndGlobalSection
EndGlobal
